
Microsoft Visual Studio Solution File, Format Version 12.00
# Visual Studio Version 17
VisualStudioVersion = 17.0.31903.59
MinimumVisualStudioVersion = 10.0.40219.1
Project("{FAE04EC0-301F-11D3-BF4B-00C04F79EFBC}") = "StoreApp.Web", "StoreApp.Web\StoreApp.Web.csproj", "{70C2F836-C20E-4DCB-8402-2E0F9A823875}"
EndProject
Project("{FAE04EC0-301F-11D3-BF4B-00C04F79EFBC}") = "StoreApp.Data", "StoreApp.Data\StoreApp.Data.csproj", "{74FC7D51-47EE-4CA7-81A3-B381D84DA3C5}"
EndProject
Global
	GlobalSection(SolutionConfigurationPlatforms) = preSolution
		Debug|Any CPU = Debug|Any CPU
		Release|Any CPU = Release|Any CPU
	EndGlobalSection
	GlobalSection(SolutionProperties) = preSolution
		HideSolutionNode = FALSE
	EndGlobalSection
	GlobalSection(ProjectConfigurationPlatforms) = postSolution
		{70C2F836-C20E-4DCB-8402-2E0F9A823875}.Debug|Any CPU.ActiveCfg = Debug|Any CPU
		{70C2F836-C20E-4DCB-8402-2E0F9A823875}.Debug|Any CPU.Build.0 = Debug|Any CPU
		{70C2F836-C20E-4DCB-8402-2E0F9A823875}.Release|Any CPU.ActiveCfg = Release|Any CPU
		{70C2F836-C20E-4DCB-8402-2E0F9A823875}.Release|Any CPU.Build.0 = Release|Any CPU
		{74FC7D51-47EE-4CA7-81A3-B381D84DA3C5}.Debug|Any CPU.ActiveCfg = Debug|Any CPU
		{74FC7D51-47EE-4CA7-81A3-B381D84DA3C5}.Debug|Any CPU.Build.0 = Debug|Any CPU
		{74FC7D51-47EE-4CA7-81A3-B381D84DA3C5}.Release|Any CPU.ActiveCfg = Release|Any CPU
		{74FC7D51-47EE-4CA7-81A3-B381D84DA3C5}.Release|Any CPU.Build.0 = Release|Any CPU
	EndGlobalSection
EndGlobal
