
Microsoft Visual Studio Solution File, Format Version 12.00
# Visual Studio Version 17
VisualStudioVersion = 17.5.002.0
MinimumVisualStudioVersion = 10.0.40219.1
Project("{9A19103F-16F7-4668-BE54-9A1E7A4F7556}") = "7- WebAPIApp", "7- WebAPIApp.csproj", "{151D4DF2-DE9C-454E-A23B-566E3503CB43}"
EndProject
Global
	GlobalSection(SolutionConfigurationPlatforms) = preSolution
		Debug|Any CPU = Debug|Any CPU
		Release|Any CPU = Release|Any CPU
	EndGlobalSection
	GlobalSection(ProjectConfigurationPlatforms) = postSolution
		{151D4DF2-DE9C-454E-A23B-566E3503CB43}.Debug|Any CPU.ActiveCfg = Debug|Any CPU
		{151D4DF2-DE9C-454E-A23B-566E3503CB43}.Debug|Any CPU.Build.0 = Debug|Any CPU
		{151D4DF2-DE9C-454E-A23B-566E3503CB43}.Release|Any CPU.ActiveCfg = Release|Any CPU
		{151D4DF2-DE9C-454E-A23B-566E3503CB43}.Release|Any CPU.Build.0 = Release|Any CPU
	EndGlobalSection
	GlobalSection(SolutionProperties) = preSolution
		HideSolutionNode = FALSE
	EndGlobalSection
	GlobalSection(ExtensibilityGlobals) = postSolution
		SolutionGuid = {9E4950AC-AD97-4AF6-89B7-5AEAB441B276}
	EndGlobalSection
EndGlobal
