
Microsoft Visual Studio Solution File, Format Version 12.00
# Visual Studio Version 17
VisualStudioVersion = 17.5.002.0
MinimumVisualStudioVersion = 10.0.40219.1
Project("{9A19103F-16F7-4668-BE54-9A1E7A4F7556}") = "MeetingApp", "MeetingApp.csproj", "{E000BEA6-4B37-4F67-A678-E20B4133F906}"
EndProject
Global
	GlobalSection(SolutionConfigurationPlatforms) = preSolution
		Debug|Any CPU = Debug|Any CPU
		Release|Any CPU = Release|Any CPU
	EndGlobalSection
	GlobalSection(ProjectConfigurationPlatforms) = postSolution
		{E000BEA6-4B37-4F67-A678-E20B4133F906}.Debug|Any CPU.ActiveCfg = Debug|Any CPU
		{E000BEA6-4B37-4F67-A678-E20B4133F906}.Debug|Any CPU.Build.0 = Debug|Any CPU
		{E000BEA6-4B37-4F67-A678-E20B4133F906}.Release|Any CPU.ActiveCfg = Release|Any CPU
		{E000BEA6-4B37-4F67-A678-E20B4133F906}.Release|Any CPU.Build.0 = Release|Any CPU
	EndGlobalSection
	GlobalSection(SolutionProperties) = preSolution
		HideSolutionNode = FALSE
	EndGlobalSection
	GlobalSection(ExtensibilityGlobals) = postSolution
		SolutionGuid = {E0A267C4-6FFA-4B2E-89FB-6B4739980AFF}
	EndGlobalSection
EndGlobal
